
Microsoft Visual Studio Solution File, Format Version 12.00
# Visual Studio Version 17
VisualStudioVersion = 17.4.33205.214
MinimumVisualStudioVersion = 10.0.40219.1
Project("{FAE04EC0-301F-11D3-BF4B-00C04F79EFBC}") = "MegaFBX", "MegaFBX.csproj", "{0DF35165-CC07-4D5E-A9E6-5CFB21090BE8}"
EndProject
Global
	GlobalSection(SolutionConfigurationPlatforms) = preSolution
		Debug|Any CPU = Debug|Any CPU
		Release|Any CPU = Release|Any CPU
	EndGlobalSection
	GlobalSection(ProjectConfigurationPlatforms) = postSolution
		{0DF35165-CC07-4D5E-A9E6-5CFB21090BE8}.Debug|Any CPU.ActiveCfg = Debug|Any CPU
		{0DF35165-CC07-4D5E-A9E6-5CFB21090BE8}.Debug|Any CPU.Build.0 = Debug|Any CPU
		{0DF35165-CC07-4D5E-A9E6-5CFB21090BE8}.Release|Any CPU.ActiveCfg = Release|Any CPU
		{0DF35165-CC07-4D5E-A9E6-5CFB21090BE8}.Release|Any CPU.Build.0 = Release|Any CPU
	EndGlobalSection
	GlobalSection(SolutionProperties) = preSolution
		HideSolutionNode = FALSE
	EndGlobalSection
	GlobalSection(ExtensibilityGlobals) = postSolution
		SolutionGuid = {8C608DDD-162B-4E2D-A855-E591C2FC7F8F}
	EndGlobalSection
EndGlobal
